
Microsoft Visual Studio Solution File, Format Version 12.00
# Visual Studio Version 17
VisualStudioVersion = 17.1.32421.90
MinimumVisualStudioVersion = 10.0.40219.1
Project("{FAE04EC0-301F-11D3-BF4B-00C04F79EFBC}") = "DirRX", "DirRX.csproj", "{2BE29482-E4E0-48F6-83E3-24CCA2B92849}"
EndProject
Global
	GlobalSection(SolutionConfigurationPlatforms) = preSolution
		Debug|Any CPU = Debug|Any CPU
		Release|Any CPU = Release|Any CPU
	EndGlobalSection
	GlobalSection(ProjectConfigurationPlatforms) = postSolution
		{2BE29482-E4E0-48F6-83E3-24CCA2B92849}.Debug|Any CPU.ActiveCfg = Debug|Any CPU
		{2BE29482-E4E0-48F6-83E3-24CCA2B92849}.Debug|Any CPU.Build.0 = Debug|Any CPU
		{2BE29482-E4E0-48F6-83E3-24CCA2B92849}.Release|Any CPU.ActiveCfg = Release|Any CPU
		{2BE29482-E4E0-48F6-83E3-24CCA2B92849}.Release|Any CPU.Build.0 = Release|Any CPU
	EndGlobalSection
	GlobalSection(SolutionProperties) = preSolution
		HideSolutionNode = FALSE
	EndGlobalSection
	GlobalSection(ExtensibilityGlobals) = postSolution
		SolutionGuid = {2B42D350-C36D-4856-A71E-389DDC1E2C6D}
	EndGlobalSection
EndGlobal
